
Microsoft Visual Studio Solution File, Format Version 12.00
# Visual Studio Version 17
VisualStudioVersion = 17.9.34607.119
MinimumVisualStudioVersion = 10.0.40219.1
Project("{FAE04EC0-301F-11D3-BF4B-00C04F79EFBC}") = "Clase8-23marzo24", "Clase8-23marzo24\Clase8-23marzo24.csproj", "{08A44B1A-2404-4A06-96D5-82EACEBFC5DB}"
EndProject
Global
	GlobalSection(SolutionConfigurationPlatforms) = preSolution
		Debug|Any CPU = Debug|Any CPU
		Release|Any CPU = Release|Any CPU
	EndGlobalSection
	GlobalSection(ProjectConfigurationPlatforms) = postSolution
		{08A44B1A-2404-4A06-96D5-82EACEBFC5DB}.Debug|Any CPU.ActiveCfg = Debug|Any CPU
		{08A44B1A-2404-4A06-96D5-82EACEBFC5DB}.Debug|Any CPU.Build.0 = Debug|Any CPU
		{08A44B1A-2404-4A06-96D5-82EACEBFC5DB}.Release|Any CPU.ActiveCfg = Release|Any CPU
		{08A44B1A-2404-4A06-96D5-82EACEBFC5DB}.Release|Any CPU.Build.0 = Release|Any CPU
	EndGlobalSection
	GlobalSection(SolutionProperties) = preSolution
		HideSolutionNode = FALSE
	EndGlobalSection
	GlobalSection(ExtensibilityGlobals) = postSolution
		SolutionGuid = {4B2A55B6-4883-43E6-A170-8AFD6C627E89}
	EndGlobalSection
EndGlobal
